
Microsoft Visual Studio Solution File, Format Version 12.00
# Visual Studio Version 17
VisualStudioVersion = 17.0.31903.59
MinimumVisualStudioVersion = 10.0.40219.1
Project("{2150E333-8FDC-42A3-9474-1A3956D46DE8}") = "apps", "apps", "{1787FE1D-075E-9E68-7218-25F1BD1BBEAB}"
EndProject
Project("{2150E333-8FDC-42A3-9474-1A3956D46DE8}") = "desktop-avalonia", "desktop-avalonia", "{F147E1E3-7BBF-5498-D0DF-79E2226F8B72}"
EndProject
Project("{2150E333-8FDC-42A3-9474-1A3956D46DE8}") = "src", "src", "{1C0E0845-5FF2-61C0-1297-1F4A6006FC24}"
EndProject
Project("{FAE04EC0-301F-11D3-BF4B-00C04F79EFBC}") = "PacToolkits.Desktop.Avalonia", "apps\desktop-avalonia\src\PacToolkits.Desktop.Avalonia.csproj", "{CA35A6FD-1011-469F-9DCB-332852464172}"
EndProject
Project("{2150E333-8FDC-42A3-9474-1A3956D46DE8}") = "packages", "packages", "{809F86A1-1C4C-B159-0CD4-DF9D33D876CE}"
EndProject
Project("{2150E333-8FDC-42A3-9474-1A3956D46DE8}") = "core", "core", "{81C5FA5E-A62B-98A1-4CBC-09B5BB06FF07}"
EndProject
Project("{FAE04EC0-301F-11D3-BF4B-00C04F79EFBC}") = "PacToolkits.Core", "packages\core\PacToolkits.Core.csproj", "{3C755BBC-1B57-4062-BD2D-E3F8984FE348}"
EndProject
Project("{2150E333-8FDC-42A3-9474-1A3956D46DE8}") = "application", "application", "{03027801-446E-FBB0-2850-D700B2C58134}"
EndProject
Project("{FAE04EC0-301F-11D3-BF4B-00C04F79EFBC}") = "PacToolkits.Application", "packages\application\PacToolkits.Application.csproj", "{867B3859-3B89-481A-95EF-2C238601607C}"
EndProject
Project("{2150E333-8FDC-42A3-9474-1A3956D46DE8}") = "infrastructure", "infrastructure", "{0EC30512-D65C-113D-2E96-A565D7CE5313}"
EndProject
Project("{FAE04EC0-301F-11D3-BF4B-00C04F79EFBC}") = "PacToolkits.Infrastructure", "packages\infrastructure\PacToolkits.Infrastructure.csproj", "{D63F444F-6F1D-4FB2-9999-A8AABB27E864}"
EndProject
Project("{2150E333-8FDC-42A3-9474-1A3956D46DE8}") = "agents-contracts", "agents-contracts", "{259B0EA2-8C43-F788-3979-F5441DB50048}"
EndProject
Project("{FAE04EC0-301F-11D3-BF4B-00C04F79EFBC}") = "PacToolkits.Agents.Contracts", "packages\agents-contracts\PacToolkits.Agents.Contracts.csproj", "{4AD24D78-5CAC-4C03-8271-E1381E3A6F74}"
EndProject
Project("{2150E333-8FDC-42A3-9474-1A3956D46DE8}") = "tests", "tests", "{0AB3BF05-4346-4AA6-1389-037BE0695223}"
EndProject
Project("{FAE04EC0-301F-11D3-BF4B-00C04F79EFBC}") = "PacToolkits.Desktop.Tests", "tests\PacToolkits.Desktop.Tests\PacToolkits.Desktop.Tests.csproj", "{DC37CF88-F294-49A8-8CCC-414D85C5B0C6}"
EndProject
Project("{FAE04EC0-301F-11D3-BF4B-00C04F79EFBC}") = "PacToolkits.Agents.Contracts.Tests", "tests\PacToolkits.Agents.Contracts.Tests\PacToolkits.Agents.Contracts.Tests.csproj", "{3A06576E-232F-4302-838A-881ED829E148}"
EndProject
Project("{FAE04EC0-301F-11D3-BF4B-00C04F79EFBC}") = "PacToolkits.Desktop.UiTests", "tests\PacToolkits.Desktop.UiTests\PacToolkits.Desktop.UiTests.csproj", "{DB2B5798-5986-43FA-A7B1-3D974DEFE40B}"
EndProject
Project("{2150E333-8FDC-42A3-9474-1A3956D46DE8}") = "runtime", "runtime", "{B9B45A75-0C0F-0D50-E9F8-ABF69D9594D8}"
EndProject
Project("{2150E333-8FDC-42A3-9474-1A3956D46DE8}") = "agents", "agents", "{D3DB05F7-EC4D-AC78-7F4A-5480646333D7}"
EndProject
Project("{2150E333-8FDC-42A3-9474-1A3956D46DE8}") = "host", "host", "{3F1837CD-76FD-1DE0-79B8-BCA41106B283}"
EndProject
Project("{FAE04EC0-301F-11D3-BF4B-00C04F79EFBC}") = "PacToolkits.Agents.Host", "runtime\agents\host\PacToolkits.Agents.Host.csproj", "{714388EC-A64D-4101-A7A2-AC598E43910F}"
EndProject
Global
	GlobalSection(SolutionConfigurationPlatforms) = preSolution
		Debug|Any CPU = Debug|Any CPU
		Debug|x64 = Debug|x64
		Debug|x86 = Debug|x86
		Release|Any CPU = Release|Any CPU
		Release|x64 = Release|x64
		Release|x86 = Release|x86
	EndGlobalSection
	GlobalSection(ProjectConfigurationPlatforms) = postSolution
		{CA35A6FD-1011-469F-9DCB-332852464172}.Debug|Any CPU.ActiveCfg = Debug|Any CPU
		{CA35A6FD-1011-469F-9DCB-332852464172}.Debug|Any CPU.Build.0 = Debug|Any CPU
		{CA35A6FD-1011-469F-9DCB-332852464172}.Debug|x64.ActiveCfg = Debug|Any CPU
		{CA35A6FD-1011-469F-9DCB-332852464172}.Debug|x64.Build.0 = Debug|Any CPU
		{CA35A6FD-1011-469F-9DCB-332852464172}.Debug|x86.ActiveCfg = Debug|Any CPU
		{CA35A6FD-1011-469F-9DCB-332852464172}.Debug|x86.Build.0 = Debug|Any CPU
		{CA35A6FD-1011-469F-9DCB-332852464172}.Release|Any CPU.ActiveCfg = Release|Any CPU
		{CA35A6FD-1011-469F-9DCB-332852464172}.Release|Any CPU.Build.0 = Release|Any CPU
		{CA35A6FD-1011-469F-9DCB-332852464172}.Release|x64.ActiveCfg = Release|Any CPU
		{CA35A6FD-1011-469F-9DCB-332852464172}.Release|x64.Build.0 = Release|Any CPU
		{CA35A6FD-1011-469F-9DCB-332852464172}.Release|x86.ActiveCfg = Release|Any CPU
		{CA35A6FD-1011-469F-9DCB-332852464172}.Release|x86.Build.0 = Release|Any CPU
		{3C755BBC-1B57-4062-BD2D-E3F8984FE348}.Debug|Any CPU.ActiveCfg = Debug|Any CPU
		{3C755BBC-1B57-4062-BD2D-E3F8984FE348}.Debug|Any CPU.Build.0 = Debug|Any CPU
		{3C755BBC-1B57-4062-BD2D-E3F8984FE348}.Debug|x64.ActiveCfg = Debug|Any CPU
		{3C755BBC-1B57-4062-BD2D-E3F8984FE348}.Debug|x64.Build.0 = Debug|Any CPU
		{3C755BBC-1B57-4062-BD2D-E3F8984FE348}.Debug|x86.ActiveCfg = Debug|Any CPU
		{3C755BBC-1B57-4062-BD2D-E3F8984FE348}.Debug|x86.Build.0 = Debug|Any CPU
		{3C755BBC-1B57-4062-BD2D-E3F8984FE348}.Release|Any CPU.ActiveCfg = Release|Any CPU
		{3C755BBC-1B57-4062-BD2D-E3F8984FE348}.Release|Any CPU.Build.0 = Release|Any CPU
		{3C755BBC-1B57-4062-BD2D-E3F8984FE348}.Release|x64.ActiveCfg = Release|Any CPU
		{3C755BBC-1B57-4062-BD2D-E3F8984FE348}.Release|x64.Build.0 = Release|Any CPU
		{3C755BBC-1B57-4062-BD2D-E3F8984FE348}.Release|x86.ActiveCfg = Release|Any CPU
		{3C755BBC-1B57-4062-BD2D-E3F8984FE348}.Release|x86.Build.0 = Release|Any CPU
		{867B3859-3B89-481A-95EF-2C238601607C}.Debug|Any CPU.ActiveCfg = Debug|Any CPU
		{867B3859-3B89-481A-95EF-2C238601607C}.Debug|Any CPU.Build.0 = Debug|Any CPU
		{867B3859-3B89-481A-95EF-2C238601607C}.Debug|x64.ActiveCfg = Debug|Any CPU
		{867B3859-3B89-481A-95EF-2C238601607C}.Debug|x64.Build.0 = Debug|Any CPU
		{867B3859-3B89-481A-95EF-2C238601607C}.Debug|x86.ActiveCfg = Debug|Any CPU
		{867B3859-3B89-481A-95EF-2C238601607C}.Debug|x86.Build.0 = Debug|Any CPU
		{867B3859-3B89-481A-95EF-2C238601607C}.Release|Any CPU.ActiveCfg = Release|Any CPU
		{867B3859-3B89-481A-95EF-2C238601607C}.Release|Any CPU.Build.0 = Release|Any CPU
		{867B3859-3B89-481A-95EF-2C238601607C}.Release|x64.ActiveCfg = Release|Any CPU
		{867B3859-3B89-481A-95EF-2C238601607C}.Release|x64.Build.0 = Release|Any CPU
		{867B3859-3B89-481A-95EF-2C238601607C}.Release|x86.ActiveCfg = Release|Any CPU
		{867B3859-3B89-481A-95EF-2C238601607C}.Release|x86.Build.0 = Release|Any CPU
		{D63F444F-6F1D-4FB2-9999-A8AABB27E864}.Debug|Any CPU.ActiveCfg = Debug|Any CPU
		{D63F444F-6F1D-4FB2-9999-A8AABB27E864}.Debug|Any CPU.Build.0 = Debug|Any CPU
		{D63F444F-6F1D-4FB2-9999-A8AABB27E864}.Debug|x64.ActiveCfg = Debug|Any CPU
		{D63F444F-6F1D-4FB2-9999-A8AABB27E864}.Debug|x64.Build.0 = Debug|Any CPU
		{D63F444F-6F1D-4FB2-9999-A8AABB27E864}.Debug|x86.ActiveCfg = Debug|Any CPU
		{D63F444F-6F1D-4FB2-9999-A8AABB27E864}.Debug|x86.Build.0 = Debug|Any CPU
		{D63F444F-6F1D-4FB2-9999-A8AABB27E864}.Release|Any CPU.ActiveCfg = Release|Any CPU
		{D63F444F-6F1D-4FB2-9999-A8AABB27E864}.Release|Any CPU.Build.0 = Release|Any CPU
		{D63F444F-6F1D-4FB2-9999-A8AABB27E864}.Release|x64.ActiveCfg = Release|Any CPU
		{D63F444F-6F1D-4FB2-9999-A8AABB27E864}.Release|x64.Build.0 = Release|Any CPU
		{D63F444F-6F1D-4FB2-9999-A8AABB27E864}.Release|x86.ActiveCfg = Release|Any CPU
		{D63F444F-6F1D-4FB2-9999-A8AABB27E864}.Release|x86.Build.0 = Release|Any CPU
		{4AD24D78-5CAC-4C03-8271-E1381E3A6F74}.Debug|Any CPU.ActiveCfg = Debug|Any CPU
		{4AD24D78-5CAC-4C03-8271-E1381E3A6F74}.Debug|Any CPU.Build.0 = Debug|Any CPU
		{4AD24D78-5CAC-4C03-8271-E1381E3A6F74}.Debug|x64.ActiveCfg = Debug|Any CPU
		{4AD24D78-5CAC-4C03-8271-E1381E3A6F74}.Debug|x64.Build.0 = Debug|Any CPU
		{4AD24D78-5CAC-4C03-8271-E1381E3A6F74}.Debug|x86.ActiveCfg = Debug|Any CPU
		{4AD24D78-5CAC-4C03-8271-E1381E3A6F74}.Debug|x86.Build.0 = Debug|Any CPU
		{4AD24D78-5CAC-4C03-8271-E1381E3A6F74}.Release|Any CPU.ActiveCfg = Release|Any CPU
		{4AD24D78-5CAC-4C03-8271-E1381E3A6F74}.Release|Any CPU.Build.0 = Release|Any CPU
		{4AD24D78-5CAC-4C03-8271-E1381E3A6F74}.Release|x64.ActiveCfg = Release|Any CPU
		{4AD24D78-5CAC-4C03-8271-E1381E3A6F74}.Release|x64.Build.0 = Release|Any CPU
		{4AD24D78-5CAC-4C03-8271-E1381E3A6F74}.Release|x86.ActiveCfg = Release|Any CPU
		{4AD24D78-5CAC-4C03-8271-E1381E3A6F74}.Release|x86.Build.0 = Release|Any CPU
		{DC37CF88-F294-49A8-8CCC-414D85C5B0C6}.Debug|Any CPU.ActiveCfg = Debug|Any CPU
		{DC37CF88-F294-49A8-8CCC-414D85C5B0C6}.Debug|Any CPU.Build.0 = Debug|Any CPU
		{DC37CF88-F294-49A8-8CCC-414D85C5B0C6}.Debug|x64.ActiveCfg = Debug|Any CPU
		{DC37CF88-F294-49A8-8CCC-414D85C5B0C6}.Debug|x64.Build.0 = Debug|Any CPU
		{DC37CF88-F294-49A8-8CCC-414D85C5B0C6}.Debug|x86.ActiveCfg = Debug|Any CPU
		{DC37CF88-F294-49A8-8CCC-414D85C5B0C6}.Debug|x86.Build.0 = Debug|Any CPU
		{DC37CF88-F294-49A8-8CCC-414D85C5B0C6}.Release|Any CPU.ActiveCfg = Release|Any CPU
		{DC37CF88-F294-49A8-8CCC-414D85C5B0C6}.Release|Any CPU.Build.0 = Release|Any CPU
		{DC37CF88-F294-49A8-8CCC-414D85C5B0C6}.Release|x64.ActiveCfg = Release|Any CPU
		{DC37CF88-F294-49A8-8CCC-414D85C5B0C6}.Release|x64.Build.0 = Release|Any CPU
		{DC37CF88-F294-49A8-8CCC-414D85C5B0C6}.Release|x86.ActiveCfg = Release|Any CPU
		{DC37CF88-F294-49A8-8CCC-414D85C5B0C6}.Release|x86.Build.0 = Release|Any CPU
		{3A06576E-232F-4302-838A-881ED829E148}.Debug|Any CPU.ActiveCfg = Debug|Any CPU
		{3A06576E-232F-4302-838A-881ED829E148}.Debug|Any CPU.Build.0 = Debug|Any CPU
		{3A06576E-232F-4302-838A-881ED829E148}.Debug|x64.ActiveCfg = Debug|Any CPU
		{3A06576E-232F-4302-838A-881ED829E148}.Debug|x64.Build.0 = Debug|Any CPU
		{3A06576E-232F-4302-838A-881ED829E148}.Debug|x86.ActiveCfg = Debug|Any CPU
		{3A06576E-232F-4302-838A-881ED829E148}.Debug|x86.Build.0 = Debug|Any CPU
		{3A06576E-232F-4302-838A-881ED829E148}.Release|Any CPU.ActiveCfg = Release|Any CPU
		{3A06576E-232F-4302-838A-881ED829E148}.Release|Any CPU.Build.0 = Release|Any CPU
		{3A06576E-232F-4302-838A-881ED829E148}.Release|x64.ActiveCfg = Release|Any CPU
		{3A06576E-232F-4302-838A-881ED829E148}.Release|x64.Build.0 = Release|Any CPU
		{3A06576E-232F-4302-838A-881ED829E148}.Release|x86.ActiveCfg = Release|Any CPU
		{3A06576E-232F-4302-838A-881ED829E148}.Release|x86.Build.0 = Release|Any CPU
		{DB2B5798-5986-43FA-A7B1-3D974DEFE40B}.Debug|Any CPU.ActiveCfg = Debug|Any CPU
		{DB2B5798-5986-43FA-A7B1-3D974DEFE40B}.Debug|Any CPU.Build.0 = Debug|Any CPU
		{DB2B5798-5986-43FA-A7B1-3D974DEFE40B}.Debug|x64.ActiveCfg = Debug|Any CPU
		{DB2B5798-5986-43FA-A7B1-3D974DEFE40B}.Debug|x64.Build.0 = Debug|Any CPU
		{DB2B5798-5986-43FA-A7B1-3D974DEFE40B}.Debug|x86.ActiveCfg = Debug|Any CPU
		{DB2B5798-5986-43FA-A7B1-3D974DEFE40B}.Debug|x86.Build.0 = Debug|Any CPU
		{DB2B5798-5986-43FA-A7B1-3D974DEFE40B}.Release|Any CPU.ActiveCfg = Release|Any CPU
		{DB2B5798-5986-43FA-A7B1-3D974DEFE40B}.Release|Any CPU.Build.0 = Release|Any CPU
		{DB2B5798-5986-43FA-A7B1-3D974DEFE40B}.Release|x64.ActiveCfg = Release|Any CPU
		{DB2B5798-5986-43FA-A7B1-3D974DEFE40B}.Release|x64.Build.0 = Release|Any CPU
		{DB2B5798-5986-43FA-A7B1-3D974DEFE40B}.Release|x86.ActiveCfg = Release|Any CPU
		{DB2B5798-5986-43FA-A7B1-3D974DEFE40B}.Release|x86.Build.0 = Release|Any CPU
		{714388EC-A64D-4101-A7A2-AC598E43910F}.Debug|Any CPU.ActiveCfg = Debug|Any CPU
		{714388EC-A64D-4101-A7A2-AC598E43910F}.Debug|Any CPU.Build.0 = Debug|Any CPU
		{714388EC-A64D-4101-A7A2-AC598E43910F}.Debug|x64.ActiveCfg = Debug|Any CPU
		{714388EC-A64D-4101-A7A2-AC598E43910F}.Debug|x64.Build.0 = Debug|Any CPU
		{714388EC-A64D-4101-A7A2-AC598E43910F}.Debug|x86.ActiveCfg = Debug|Any CPU
		{714388EC-A64D-4101-A7A2-AC598E43910F}.Debug|x86.Build.0 = Debug|Any CPU
		{714388EC-A64D-4101-A7A2-AC598E43910F}.Release|Any CPU.ActiveCfg = Release|Any CPU
		{714388EC-A64D-4101-A7A2-AC598E43910F}.Release|Any CPU.Build.0 = Release|Any CPU
		{714388EC-A64D-4101-A7A2-AC598E43910F}.Release|x64.ActiveCfg = Release|Any CPU
		{714388EC-A64D-4101-A7A2-AC598E43910F}.Release|x64.Build.0 = Release|Any CPU
		{714388EC-A64D-4101-A7A2-AC598E43910F}.Release|x86.ActiveCfg = Release|Any CPU
		{714388EC-A64D-4101-A7A2-AC598E43910F}.Release|x86.Build.0 = Release|Any CPU
	EndGlobalSection
	GlobalSection(SolutionProperties) = preSolution
		HideSolutionNode = FALSE
	EndGlobalSection
	GlobalSection(NestedProjects) = preSolution
		{F147E1E3-7BBF-5498-D0DF-79E2226F8B72} = {1787FE1D-075E-9E68-7218-25F1BD1BBEAB}
		{1C0E0845-5FF2-61C0-1297-1F4A6006FC24} = {F147E1E3-7BBF-5498-D0DF-79E2226F8B72}
		{CA35A6FD-1011-469F-9DCB-332852464172} = {1C0E0845-5FF2-61C0-1297-1F4A6006FC24}
		{81C5FA5E-A62B-98A1-4CBC-09B5BB06FF07} = {809F86A1-1C4C-B159-0CD4-DF9D33D876CE}
		{3C755BBC-1B57-4062-BD2D-E3F8984FE348} = {81C5FA5E-A62B-98A1-4CBC-09B5BB06FF07}
		{03027801-446E-FBB0-2850-D700B2C58134} = {809F86A1-1C4C-B159-0CD4-DF9D33D876CE}
		{867B3859-3B89-481A-95EF-2C238601607C} = {03027801-446E-FBB0-2850-D700B2C58134}
		{0EC30512-D65C-113D-2E96-A565D7CE5313} = {809F86A1-1C4C-B159-0CD4-DF9D33D876CE}
		{D63F444F-6F1D-4FB2-9999-A8AABB27E864} = {0EC30512-D65C-113D-2E96-A565D7CE5313}
		{259B0EA2-8C43-F788-3979-F5441DB50048} = {809F86A1-1C4C-B159-0CD4-DF9D33D876CE}
		{4AD24D78-5CAC-4C03-8271-E1381E3A6F74} = {259B0EA2-8C43-F788-3979-F5441DB50048}
		{DC37CF88-F294-49A8-8CCC-414D85C5B0C6} = {0AB3BF05-4346-4AA6-1389-037BE0695223}
		{3A06576E-232F-4302-838A-881ED829E148} = {0AB3BF05-4346-4AA6-1389-037BE0695223}
		{DB2B5798-5986-43FA-A7B1-3D974DEFE40B} = {0AB3BF05-4346-4AA6-1389-037BE0695223}
		{D3DB05F7-EC4D-AC78-7F4A-5480646333D7} = {B9B45A75-0C0F-0D50-E9F8-ABF69D9594D8}
		{3F1837CD-76FD-1DE0-79B8-BCA41106B283} = {D3DB05F7-EC4D-AC78-7F4A-5480646333D7}
		{714388EC-A64D-4101-A7A2-AC598E43910F} = {3F1837CD-76FD-1DE0-79B8-BCA41106B283}
	EndGlobalSection
EndGlobal
